// !$*UTF8*$!
{
	archiveVersion = 1;
	classes = {
	};
	objectVersion = 55;
	objects = {

/* Begin PBXBuildFile section */
		B434D7E828A5006E00218F24 /* LandmarksApp.swift in Sources */ = {isa = PBXBuildFile; fileRef = B434D7E728A5006E00218F24 /* LandmarksApp.swift */; };
		B434D7EA28A5006E00218F24 /* ContentView.swift in Sources */ = {isa = PBXBuildFile; fileRef = B434D7E928A5006E00218F24 /* ContentView.swift */; };
		B434D7EC28A5007300218F24 /* Assets.xcassets in Resources */ = {isa = PBXBuildFile; fileRef = B434D7EB28A5007300218F24 /* Assets.xcassets */; };
		B434D7EF28A5007300218F24 /* Preview Assets.xcassets in Resources */ = {isa = PBXBuildFile; fileRef = B434D7EE28A5007300218F24 /* Preview Assets.xcassets */; };
		B434D7F928A5007300218F24 /* LandmarksTests.swift in Sources */ = {isa = PBXBuildFile; fileRef = B434D7F828A5007300218F24 /* LandmarksTests.swift */; };
		B434D80328A5007300218F24 /* LandmarksUITests.swift in Sources */ = {isa = PBXBuildFile; fileRef = B434D80228A5007300218F24 /* LandmarksUITests.swift */; };
		B434D80528A5007300218F24 /* LandmarksUITestsLaunchTests.swift in Sources */ = {isa = PBXBuildFile; fileRef = B434D80428A5007300218F24 /* LandmarksUITestsLaunchTests.swift */; };
		B434D81228A522AC00218F24 /* CircleImage.swift in Sources */ = {isa = PBXBuildFile; fileRef = B434D81128A522AC00218F24 /* CircleImage.swift */; };
		B434D81428A5236C00218F24 /* MapView.swift in Sources */ = {isa = PBXBuildFile; fileRef = B434D81328A5236C00218F24 /* MapView.swift */; };
		B434D81728A5314C00218F24 /* Landmark.swift in Sources */ = {isa = PBXBuildFile; fileRef = B434D81628A5314C00218F24 /* Landmark.swift */; };
		B434D81928A5330B00218F24 /* landmarkData.json in Resources */ = {isa = PBXBuildFile; fileRef = B434D81828A5330B00218F24 /* landmarkData.json */; };
		B434D81B28A5343F00218F24 /* ModelData.swift in Sources */ = {isa = PBXBuildFile; fileRef = B434D81A28A5343F00218F24 /* ModelData.swift */; };
		B434D82028A53CE900218F24 /* LandmarkRow.swift in Sources */ = {isa = PBXBuildFile; fileRef = B434D81F28A53CE900218F24 /* LandmarkRow.swift */; };
		B434D82228A53EC900218F24 /* LandmarkList.swift in Sources */ = {isa = PBXBuildFile; fileRef = B434D82128A53EC900218F24 /* LandmarkList.swift */; };
		B434D82428A5402900218F24 /* LandmarkDetail.swift in Sources */ = {isa = PBXBuildFile; fileRef = B434D82328A5402900218F24 /* LandmarkDetail.swift */; };
		B438CF6428AA45D5004A0546 /* FavoriteButton.swift in Sources */ = {isa = PBXBuildFile; fileRef = B438CF6328AA45D5004A0546 /* FavoriteButton.swift */; };
		B438CF6828AA49E1004A0546 /* HexagonParameters.swift in Sources */ = {isa = PBXBuildFile; fileRef = B438CF6728AA49E1004A0546 /* HexagonParameters.swift */; };
		B438CF6A28AA4EDE004A0546 /* BadgeBackground.swift in Sources */ = {isa = PBXBuildFile; fileRef = B438CF6928AA4EDE004A0546 /* BadgeBackground.swift */; };
		B438CF7028AA63E4004A0546 /* AppIcon.appiconset in Resources */ = {isa = PBXBuildFile; fileRef = B438CF6F28AA63E4004A0546 /* AppIcon.appiconset */; };
		B438CF7228AA6421004A0546 /* BadgeSymbol.swift in Sources */ = {isa = PBXBuildFile; fileRef = B438CF7128AA6421004A0546 /* BadgeSymbol.swift */; };
		B438CF7428AA666A004A0546 /* RotatedBadgeSymbol.swift in Sources */ = {isa = PBXBuildFile; fileRef = B438CF7328AA666A004A0546 /* RotatedBadgeSymbol.swift */; };
		B438CF7628AA6D71004A0546 /* Badge.swift in Sources */ = {isa = PBXBuildFile; fileRef = B438CF7528AA6D71004A0546 /* Badge.swift */; };
		B438E20A28AA74E100DC27C3 /* hikeData.json in Resources */ = {isa = PBXBuildFile; fileRef = B438E20928AA74E100DC27C3 /* hikeData.json */; };
		B438E20C28AA74F100DC27C3 /* Hike.swift in Sources */ = {isa = PBXBuildFile; fileRef = B438E20B28AA74F100DC27C3 /* Hike.swift */; };
		B438E21428AA77E400DC27C3 /* GraphCapsule.swift in Sources */ = {isa = PBXBuildFile; fileRef = B438E21028AA77E400DC27C3 /* GraphCapsule.swift */; };
		B438E21528AA77E400DC27C3 /* HikeGraph.swift in Sources */ = {isa = PBXBuildFile; fileRef = B438E21128AA77E400DC27C3 /* HikeGraph.swift */; };
		B438E21628AA77E400DC27C3 /* HikeDetail.swift in Sources */ = {isa = PBXBuildFile; fileRef = B438E21228AA77E400DC27C3 /* HikeDetail.swift */; };
		B438E21728AA77E400DC27C3 /* HikeView.swift in Sources */ = {isa = PBXBuildFile; fileRef = B438E21328AA77E400DC27C3 /* HikeView.swift */; };
/* End PBXBuildFile section */

/* Begin PBXContainerItemProxy section */
		B434D7F528A5007300218F24 /* PBXContainerItemProxy */ = {
			isa = PBXContainerItemProxy;
			containerPortal = B434D7DC28A5006E00218F24 /* Project object */;
			proxyType = 1;
			remoteGlobalIDString = B434D7E328A5006E00218F24;
			remoteInfo = Landmarks;
		};
		B434D7FF28A5007300218F24 /* PBXContainerItemProxy */ = {
			isa = PBXContainerItemProxy;
			containerPortal = B434D7DC28A5006E00218F24 /* Project object */;
			proxyType = 1;
			remoteGlobalIDString = B434D7E328A5006E00218F24;
			remoteInfo = Landmarks;
		};
/* End PBXContainerItemProxy section */

/* Begin PBXFileReference section */
		B434D7E428A5006E00218F24 /* Landmarks.app */ = {isa = PBXFileReference; explicitFileType = wrapper.application; includeInIndex = 0; path = Landmarks.app; sourceTree = BUILT_PRODUCTS_DIR; };
		B434D7E728A5006E00218F24 /* LandmarksApp.swift */ = {isa = PBXFileReference; lastKnownFileType = sourcecode.swift; path = LandmarksApp.swift; sourceTree = "<group>"; };
		B434D7E928A5006E00218F24 /* ContentView.swift */ = {isa = PBXFileReference; lastKnownFileType = sourcecode.swift; path = ContentView.swift; sourceTree = "<group>"; };
		B434D7EB28A5007300218F24 /* Assets.xcassets */ = {isa = PBXFileReference; lastKnownFileType = folder.assetcatalog; path = Assets.xcassets; sourceTree = "<group>"; };
		B434D7EE28A5007300218F24 /* Preview Assets.xcassets */ = {isa = PBXFileReference; lastKnownFileType = folder.assetcatalog; path = "Preview Assets.xcassets"; sourceTree = "<group>"; };
		B434D7F428A5007300218F24 /* LandmarksTests.xctest */ = {isa = PBXFileReference; explicitFileType = wrapper.cfbundle; includeInIndex = 0; path = LandmarksTests.xctest; sourceTree = BUILT_PRODUCTS_DIR; };
		B434D7F828A5007300218F24 /* LandmarksTests.swift */ = {isa = PBXFileReference; lastKnownFileType = sourcecode.swift; path = LandmarksTests.swift; sourceTree = "<group>"; };
		B434D7FE28A5007300218F24 /* LandmarksUITests.xctest */ = {isa = PBXFileReference; explicitFileType = wrapper.cfbundle; includeInIndex = 0; path = LandmarksUITests.xctest; sourceTree = BUILT_PRODUCTS_DIR; };
		B434D80228A5007300218F24 /* LandmarksUITests.swift */ = {isa = PBXFileReference; lastKnownFileType = sourcecode.swift; path = LandmarksUITests.swift; sourceTree = "<group>"; };
		B434D80428A5007300218F24 /* LandmarksUITestsLaunchTests.swift */ = {isa = PBXFileReference; lastKnownFileType = sourcecode.swift; path = LandmarksUITestsLaunchTests.swift; sourceTree = "<group>"; };
		B434D81128A522AC00218F24 /* CircleImage.swift */ = {isa = PBXFileReference; lastKnownFileType = sourcecode.swift; path = CircleImage.swift; sourceTree = "<group>"; };
		B434D81328A5236C00218F24 /* MapView.swift */ = {isa = PBXFileReference; lastKnownFileType = sourcecode.swift; path = MapView.swift; sourceTree = "<group>"; };
		B434D81628A5314C00218F24 /* Landmark.swift */ = {isa = PBXFileReference; lastKnownFileType = sourcecode.swift; path = Landmark.swift; sourceTree = "<group>"; };
		B434D81828A5330B00218F24 /* landmarkData.json */ = {isa = PBXFileReference; fileEncoding = 4; lastKnownFileType = text.json; path = landmarkData.json; sourceTree = "<group>"; };
		B434D81A28A5343F00218F24 /* ModelData.swift */ = {isa = PBXFileReference; lastKnownFileType = sourcecode.swift; path = ModelData.swift; sourceTree = "<group>"; };
		B434D81F28A53CE900218F24 /* LandmarkRow.swift */ = {isa = PBXFileReference; lastKnownFileType = sourcecode.swift; path = LandmarkRow.swift; sourceTree = "<group>"; };
		B434D82128A53EC900218F24 /* LandmarkList.swift */ = {isa = PBXFileReference; lastKnownFileType = sourcecode.swift; path = LandmarkList.swift; sourceTree = "<group>"; };
		B434D82328A5402900218F24 /* LandmarkDetail.swift */ = {isa = PBXFileReference; lastKnownFileType = sourcecode.swift; path = LandmarkDetail.swift; sourceTree = "<group>"; };
		B438CF6328AA45D5004A0546 /* FavoriteButton.swift */ = {isa = PBXFileReference; lastKnownFileType = sourcecode.swift; path = FavoriteButton.swift; sourceTree = "<group>"; };
		B438CF6728AA49E1004A0546 /* HexagonParameters.swift */ = {isa = PBXFileReference; lastKnownFileType = sourcecode.swift; path = HexagonParameters.swift; sourceTree = "<group>"; };
		B438CF6928AA4EDE004A0546 /* BadgeBackground.swift */ = {isa = PBXFileReference; lastKnownFileType = sourcecode.swift; path = BadgeBackground.swift; sourceTree = "<group>"; };
		B438CF6F28AA63E4004A0546 /* AppIcon.appiconset */ = {isa = PBXFileReference; lastKnownFileType = folder; path = AppIcon.appiconset; sourceTree = "<group>"; };
		B438CF7128AA6421004A0546 /* BadgeSymbol.swift */ = {isa = PBXFileReference; lastKnownFileType = sourcecode.swift; path = BadgeSymbol.swift; sourceTree = "<group>"; };
		B438CF7328AA666A004A0546 /* RotatedBadgeSymbol.swift */ = {isa = PBXFileReference; lastKnownFileType = sourcecode.swift; path = RotatedBadgeSymbol.swift; sourceTree = "<group>"; };
		B438CF7528AA6D71004A0546 /* Badge.swift */ = {isa = PBXFileReference; lastKnownFileType = sourcecode.swift; path = Badge.swift; sourceTree = "<group>"; };
		B438E20928AA74E100DC27C3 /* hikeData.json */ = {isa = PBXFileReference; fileEncoding = 4; lastKnownFileType = text.json; path = hikeData.json; sourceTree = "<group>"; };
		B438E20B28AA74F100DC27C3 /* Hike.swift */ = {isa = PBXFileReference; lastKnownFileType = sourcecode.swift; path = Hike.swift; sourceTree = "<group>"; };
		B438E21028AA77E400DC27C3 /* GraphCapsule.swift */ = {isa = PBXFileReference; fileEncoding = 4; lastKnownFileType = sourcecode.swift; path = GraphCapsule.swift; sourceTree = "<group>"; };
		B438E21128AA77E400DC27C3 /* HikeGraph.swift */ = {isa = PBXFileReference; fileEncoding = 4; lastKnownFileType = sourcecode.swift; path = HikeGraph.swift; sourceTree = "<group>"; };
		B438E21228AA77E400DC27C3 /* HikeDetail.swift */ = {isa = PBXFileReference; fileEncoding = 4; lastKnownFileType = sourcecode.swift; path = HikeDetail.swift; sourceTree = "<group>"; };
		B438E21328AA77E400DC27C3 /* HikeView.swift */ = {isa = PBXFileReference; fileEncoding = 4; lastKnownFileType = sourcecode.swift; path = HikeView.swift; sourceTree = "<group>"; };
/* End PBXFileReference section */

/* Begin PBXFrameworksBuildPhase section */
		B434D7E128A5006E00218F24 /* Frameworks */ = {
			isa = PBXFrameworksBuildPhase;
			buildActionMask = 2147483647;
			files = (
			);
			runOnlyForDeploymentPostprocessing = 0;
		};
		B434D7F128A5007300218F24 /* Frameworks */ = {
			isa = PBXFrameworksBuildPhase;
			buildActionMask = 2147483647;
			files = (
			);
			runOnlyForDeploymentPostprocessing = 0;
		};
		B434D7FB28A5007300218F24 /* Frameworks */ = {
			isa = PBXFrameworksBuildPhase;
			buildActionMask = 2147483647;
			files = (
			);
			runOnlyForDeploymentPostprocessing = 0;
		};
/* End PBXFrameworksBuildPhase section */

/* Begin PBXGroup section */
		B434D7DB28A5006E00218F24 = {
			isa = PBXGroup;
			children = (
				B434D7E628A5006E00218F24 /* Landmarks */,
				B434D7F728A5007300218F24 /* LandmarksTests */,
				B434D80128A5007300218F24 /* LandmarksUITests */,
				B434D7E528A5006E00218F24 /* Products */,
			);
			sourceTree = "<group>";
		};
		B434D7E528A5006E00218F24 /* Products */ = {
			isa = PBXGroup;
			children = (
				B434D7E428A5006E00218F24 /* Landmarks.app */,
				B434D7F428A5007300218F24 /* LandmarksTests.xctest */,
				B434D7FE28A5007300218F24 /* LandmarksUITests.xctest */,
			);
			name = Products;
			sourceTree = "<group>";
		};
		B434D7E628A5006E00218F24 /* Landmarks */ = {
			isa = PBXGroup;
			children = (
				B434D81E28A53C3D00218F24 /* Resources */,
				B434D81D28A53C2300218F24 /* Model */,
				B434D81C28A53C0C00218F24 /* View */,
				B434D7E728A5006E00218F24 /* LandmarksApp.swift */,
				B434D7EB28A5007300218F24 /* Assets.xcassets */,
				B438CF6F28AA63E4004A0546 /* AppIcon.appiconset */,
				B434D7ED28A5007300218F24 /* Preview Content */,
			);
			path = Landmarks;
			sourceTree = "<group>";
		};
		B434D7ED28A5007300218F24 /* Preview Content */ = {
			isa = PBXGroup;
			children = (
				B434D7EE28A5007300218F24 /* Preview Assets.xcassets */,
			);
			path = "Preview Content";
			sourceTree = "<group>";
		};
		B434D7F728A5007300218F24 /* LandmarksTests */ = {
			isa = PBXGroup;
			children = (
				B434D7F828A5007300218F24 /* LandmarksTests.swift */,
			);
			path = LandmarksTests;
			sourceTree = "<group>";
		};
		B434D80128A5007300218F24 /* LandmarksUITests */ = {
			isa = PBXGroup;
			children = (
				B434D80228A5007300218F24 /* LandmarksUITests.swift */,
				B434D80428A5007300218F24 /* LandmarksUITestsLaunchTests.swift */,
			);
			path = LandmarksUITests;
			sourceTree = "<group>";
		};
		B434D81C28A53C0C00218F24 /* View */ = {
			isa = PBXGroup;
			children = (
				B438E20F28AA77E400DC27C3 /* Hikes */,
				B434D7E928A5006E00218F24 /* ContentView.swift */,
				B438CF6628AA4708004A0546 /* Landmarks */,
				B438CF6528AA46EC004A0546 /* Helpers */,
				B438CF7728AA6F90004A0546 /* Badges */,
			);
			path = View;
			sourceTree = "<group>";
		};
		B434D81D28A53C2300218F24 /* Model */ = {
			isa = PBXGroup;
			children = (
				B434D81A28A5343F00218F24 /* ModelData.swift */,
				B434D81628A5314C00218F24 /* Landmark.swift */,
				B438E20B28AA74F100DC27C3 /* Hike.swift */,
			);
			path = Model;
			sourceTree = "<group>";
		};
		B434D81E28A53C3D00218F24 /* Resources */ = {
			isa = PBXGroup;
			children = (
				B438E20928AA74E100DC27C3 /* hikeData.json */,
				B434D81828A5330B00218F24 /* landmarkData.json */,
			);
			path = Resources;
			sourceTree = "<group>";
		};
		B438CF6528AA46EC004A0546 /* Helpers */ = {
			isa = PBXGroup;
			children = (
				B434D81328A5236C00218F24 /* MapView.swift */,
				B434D81128A522AC00218F24 /* CircleImage.swift */,
				B438CF6328AA45D5004A0546 /* FavoriteButton.swift */,
			);
			path = Helpers;
			sourceTree = "<group>";
		};
		B438CF6628AA4708004A0546 /* Landmarks */ = {
			isa = PBXGroup;
			children = (
				B434D81F28A53CE900218F24 /* LandmarkRow.swift */,
				B434D82128A53EC900218F24 /* LandmarkList.swift */,
				B434D82328A5402900218F24 /* LandmarkDetail.swift */,
			);
			path = Landmarks;
			sourceTree = "<group>";
		};
		B438CF7728AA6F90004A0546 /* Badges */ = {
			isa = PBXGroup;
			children = (
				B438CF6728AA49E1004A0546 /* HexagonParameters.swift */,
				B438CF6928AA4EDE004A0546 /* BadgeBackground.swift */,
				B438CF7128AA6421004A0546 /* BadgeSymbol.swift */,
				B438CF7328AA666A004A0546 /* RotatedBadgeSymbol.swift */,
				B438CF7528AA6D71004A0546 /* Badge.swift */,
			);
			path = Badges;
			sourceTree = "<group>";
		};
		B438E20F28AA77E400DC27C3 /* Hikes */ = {
			isa = PBXGroup;
			children = (
				B438E21028AA77E400DC27C3 /* GraphCapsule.swift */,
				B438E21128AA77E400DC27C3 /* HikeGraph.swift */,
				B438E21228AA77E400DC27C3 /* HikeDetail.swift */,
				B438E21328AA77E400DC27C3 /* HikeView.swift */,
			);
			path = Hikes;
			sourceTree = "<group>";
		};
/* End PBXGroup section */

/* Begin PBXNativeTarget section */
		B434D7E328A5006E00218F24 /* Landmarks */ = {
			isa = PBXNativeTarget;
			buildConfigurationList = B434D80828A5007300218F24 /* Build configuration list for PBXNativeTarget "Landmarks" */;
			buildPhases = (
				B434D7E028A5006E00218F24 /* Sources */,
				B434D7E128A5006E00218F24 /* Frameworks */,
				B434D7E228A5006E00218F24 /* Resources */,
			);
			buildRules = (
			);
			dependencies = (
			);
			name = Landmarks;
			productName = Landmarks;
			productReference = B434D7E428A5006E00218F24 /* Landmarks.app */;
			productType = "com.apple.product-type.application";
		};
		B434D7F328A5007300218F24 /* LandmarksTests */ = {
			isa = PBXNativeTarget;
			buildConfigurationList = B434D80B28A5007300218F24 /* Build configuration list for PBXNativeTarget "LandmarksTests" */;
			buildPhases = (
				B434D7F028A5007300218F24 /* Sources */,
				B434D7F128A5007300218F24 /* Frameworks */,
				B434D7F228A5007300218F24 /* Resources */,
			);
			buildRules = (
			);
			dependencies = (
				B434D7F628A5007300218F24 /* PBXTargetDependency */,
			);
			name = LandmarksTests;
			productName = LandmarksTests;
			productReference = B434D7F428A5007300218F24 /* LandmarksTests.xctest */;
			productType = "com.apple.product-type.bundle.unit-test";
		};
		B434D7FD28A5007300218F24 /* LandmarksUITests */ = {
			isa = PBXNativeTarget;
			buildConfigurationList = B434D80E28A5007300218F24 /* Build configuration list for PBXNativeTarget "LandmarksUITests" */;
			buildPhases = (
				B434D7FA28A5007300218F24 /* Sources */,
				B434D7FB28A5007300218F24 /* Frameworks */,
				B434D7FC28A5007300218F24 /* Resources */,
			);
			buildRules = (
			);
			dependencies = (
				B434D80028A5007300218F24 /* PBXTargetDependency */,
			);
			name = LandmarksUITests;
			productName = LandmarksUITests;
			productReference = B434D7FE28A5007300218F24 /* LandmarksUITests.xctest */;
			productType = "com.apple.product-type.bundle.ui-testing";
		};
/* End PBXNativeTarget section */

/* Begin PBXProject section */
		B434D7DC28A5006E00218F24 /* Project object */ = {
			isa = PBXProject;
			attributes = {
				BuildIndependentTargetsInParallel = 1;
				LastSwiftUpdateCheck = 1320;
				LastUpgradeCheck = 1320;
				TargetAttributes = {
					B434D7E328A5006E00218F24 = {
						CreatedOnToolsVersion = 13.2.1;
					};
					B434D7F328A5007300218F24 = {
						CreatedOnToolsVersion = 13.2.1;
						TestTargetID = B434D7E328A5006E00218F24;
					};
					B434D7FD28A5007300218F24 = {
						CreatedOnToolsVersion = 13.2.1;
						TestTargetID = B434D7E328A5006E00218F24;
					};
				};
			};
			buildConfigurationList = B434D7DF28A5006E00218F24 /* Build configuration list for PBXProject "Landmarks" */;
			compatibilityVersion = "Xcode 13.0";
			developmentRegion = en;
			hasScannedForEncodings = 0;
			knownRegions = (
				en,
				Base,
			);
			mainGroup = B434D7DB28A5006E00218F24;
			productRefGroup = B434D7E528A5006E00218F24 /* Products */;
			projectDirPath = "";
			projectRoot = "";
			targets = (
				B434D7E328A5006E00218F24 /* Landmarks */,
				B434D7F328A5007300218F24 /* LandmarksTests */,
				B434D7FD28A5007300218F24 /* LandmarksUITests */,
			);
		};
/* End PBXProject section */

/* Begin PBXResourcesBuildPhase section */
		B434D7E228A5006E00218F24 /* Resources */ = {
			isa = PBXResourcesBuildPhase;
			buildActionMask = 2147483647;
			files = (
				B438CF7028AA63E4004A0546 /* AppIcon.appiconset in Resources */,
				B434D7EF28A5007300218F24 /* Preview Assets.xcassets in Resources */,
				B434D7EC28A5007300218F24 /* Assets.xcassets in Resources */,
				B434D81928A5330B00218F24 /* landmarkData.json in Resources */,
				B438E20A28AA74E100DC27C3 /* hikeData.json in Resources */,
			);
			runOnlyForDeploymentPostprocessing = 0;
		};
		B434D7F228A5007300218F24 /* Resources */ = {
			isa = PBXResourcesBuildPhase;
			buildActionMask = 2147483647;
			files = (
			);
			runOnlyForDeploymentPostprocessing = 0;
		};
		B434D7FC28A5007300218F24 /* Resources */ = {
			isa = PBXResourcesBuildPhase;
			buildActionMask = 2147483647;
			files = (
			);
			runOnlyForDeploymentPostprocessing = 0;
		};
/* End PBXResourcesBuildPhase section */

/* Begin PBXSourcesBuildPhase section */
		B434D7E028A5006E00218F24 /* Sources */ = {
			isa = PBXSourcesBuildPhase;
			buildActionMask = 2147483647;
			files = (
				B434D7EA28A5006E00218F24 /* ContentView.swift in Sources */,
				B438E21528AA77E400DC27C3 /* HikeGraph.swift in Sources */,
				B438CF7628AA6D71004A0546 /* Badge.swift in Sources */,
				B434D81428A5236C00218F24 /* MapView.swift in Sources */,
				B438E21428AA77E400DC27C3 /* GraphCapsule.swift in Sources */,
				B434D7E828A5006E00218F24 /* LandmarksApp.swift in Sources */,
				B438CF6428AA45D5004A0546 /* FavoriteButton.swift in Sources */,
				B438E21628AA77E400DC27C3 /* HikeDetail.swift in Sources */,
				B438CF6828AA49E1004A0546 /* HexagonParameters.swift in Sources */,
				B438E20C28AA74F100DC27C3 /* Hike.swift in Sources */,
				B438CF7428AA666A004A0546 /* RotatedBadgeSymbol.swift in Sources */,
				B438CF7228AA6421004A0546 /* BadgeSymbol.swift in Sources */,
				B434D82228A53EC900218F24 /* LandmarkList.swift in Sources */,
				B438E21728AA77E400DC27C3 /* HikeView.swift in Sources */,
				B434D82428A5402900218F24 /* LandmarkDetail.swift in Sources */,
				B438CF6A28AA4EDE004A0546 /* BadgeBackground.swift in Sources */,
				B434D81228A522AC00218F24 /* CircleImage.swift in Sources */,
				B434D81728A5314C00218F24 /* Landmark.swift in Sources */,
				B434D82028A53CE900218F24 /* LandmarkRow.swift in Sources */,
				B434D81B28A5343F00218F24 /* ModelData.swift in Sources */,
			);
			runOnlyForDeploymentPostprocessing = 0;
		};
		B434D7F028A5007300218F24 /* Sources */ = {
			isa = PBXSourcesBuildPhase;
			buildActionMask = 2147483647;
			files = (
				B434D7F928A5007300218F24 /* LandmarksTests.swift in Sources */,
			);
			runOnlyForDeploymentPostprocessing = 0;
		};
		B434D7FA28A5007300218F24 /* Sources */ = {
			isa = PBXSourcesBuildPhase;
			buildActionMask = 2147483647;
			files = (
				B434D80528A5007300218F24 /* LandmarksUITestsLaunchTests.swift in Sources */,
				B434D80328A5007300218F24 /* LandmarksUITests.swift in Sources */,
			);
			runOnlyForDeploymentPostprocessing = 0;
		};
/* End PBXSourcesBuildPhase section */

/* Begin PBXTargetDependency section */
		B434D7F628A5007300218F24 /* PBXTargetDependency */ = {
			isa = PBXTargetDependency;
			target = B434D7E328A5006E00218F24 /* Landmarks */;
			targetProxy = B434D7F528A5007300218F24 /* PBXContainerItemProxy */;
		};
		B434D80028A5007300218F24 /* PBXTargetDependency */ = {
			isa = PBXTargetDependency;
			target = B434D7E328A5006E00218F24 /* Landmarks */;
			targetProxy = B434D7FF28A5007300218F24 /* PBXContainerItemProxy */;
		};
/* End PBXTargetDependency section */

/* Begin XCBuildConfiguration section */
		B434D80628A5007300218F24 /* Debug */ = {
			isa = XCBuildConfiguration;
			buildSettings = {
				ALWAYS_SEARCH_USER_PATHS = NO;
				CLANG_ANALYZER_NONNULL = YES;
				CLANG_ANALYZER_NUMBER_OBJECT_CONVERSION = YES_AGGRESSIVE;
				CLANG_CXX_LANGUAGE_STANDARD = "gnu++17";
				CLANG_CXX_LIBRARY = "libc++";
				CLANG_ENABLE_MODULES = YES;
				CLANG_ENABLE_OBJC_ARC = YES;
				CLANG_ENABLE_OBJC_WEAK = YES;
				CLANG_WARN_BLOCK_CAPTURE_AUTORELEASING = YES;
				CLANG_WARN_BOOL_CONVERSION = YES;
				CLANG_WARN_COMMA = YES;
				CLANG_WARN_CONSTANT_CONVERSION = YES;
				CLANG_WARN_DEPRECATED_OBJC_IMPLEMENTATIONS = YES;
				CLANG_WARN_DIRECT_OBJC_ISA_USAGE = YES_ERROR;
				CLANG_WARN_DOCUMENTATION_COMMENTS = YES;
				CLANG_WARN_EMPTY_BODY = YES;
				CLANG_WARN_ENUM_CONVERSION = YES;
				CLANG_WARN_INFINITE_RECURSION = YES;
				CLANG_WARN_INT_CONVERSION = YES;
				CLANG_WARN_NON_LITERAL_NULL_CONVERSION = YES;
				CLANG_WARN_OBJC_IMPLICIT_RETAIN_SELF = YES;
				CLANG_WARN_OBJC_LITERAL_CONVERSION = YES;
				CLANG_WARN_OBJC_ROOT_CLASS = YES_ERROR;
				CLANG_WARN_QUOTED_INCLUDE_IN_FRAMEWORK_HEADER = YES;
				CLANG_WARN_RANGE_LOOP_ANALYSIS = YES;
				CLANG_WARN_STRICT_PROTOTYPES = YES;
				CLANG_WARN_SUSPICIOUS_MOVE = YES;
				CLANG_WARN_UNGUARDED_AVAILABILITY = YES_AGGRESSIVE;
				CLANG_WARN_UNREACHABLE_CODE = YES;
				CLANG_WARN__DUPLICATE_METHOD_MATCH = YES;
				COPY_PHASE_STRIP = NO;
				DEBUG_INFORMATION_FORMAT = dwarf;
				ENABLE_STRICT_OBJC_MSGSEND = YES;
				ENABLE_TESTABILITY = YES;
				GCC_C_LANGUAGE_STANDARD = gnu11;
				GCC_DYNAMIC_NO_PIC = NO;
				GCC_NO_COMMON_BLOCKS = YES;
				GCC_OPTIMIZATION_LEVEL = 0;
				GCC_PREPROCESSOR_DEFINITIONS = (
					"DEBUG=1",
					"$(inherited)",
				);
				GCC_WARN_64_TO_32_BIT_CONVERSION = YES;
				GCC_WARN_ABOUT_RETURN_TYPE = YES_ERROR;
				GCC_WARN_UNDECLARED_SELECTOR = YES;
				GCC_WARN_UNINITIALIZED_AUTOS = YES_AGGRESSIVE;
				GCC_WARN_UNUSED_FUNCTION = YES;
				GCC_WARN_UNUSED_VARIABLE = YES;
				IPHONEOS_DEPLOYMENT_TARGET = 15.2;
				MTL_ENABLE_DEBUG_INFO = INCLUDE_SOURCE;
				MTL_FAST_MATH = YES;
				ONLY_ACTIVE_ARCH = YES;
				SDKROOT = iphoneos;
				SWIFT_ACTIVE_COMPILATION_CONDITIONS = DEBUG;
				SWIFT_OPTIMIZATION_LEVEL = "-Onone";
			};
			name = Debug;
		};
		B434D80728A5007300218F24 /* Release */ = {
			isa = XCBuildConfiguration;
			buildSettings = {
				ALWAYS_SEARCH_USER_PATHS = NO;
				CLANG_ANALYZER_NONNULL = YES;
				CLANG_ANALYZER_NUMBER_OBJECT_CONVERSION = YES_AGGRESSIVE;
				CLANG_CXX_LANGUAGE_STANDARD = "gnu++17";
				CLANG_CXX_LIBRARY = "libc++";
				CLANG_ENABLE_MODULES = YES;
				CLANG_ENABLE_OBJC_ARC = YES;
				CLANG_ENABLE_OBJC_WEAK = YES;
				CLANG_WARN_BLOCK_CAPTURE_AUTORELEASING = YES;
				CLANG_WARN_BOOL_CONVERSION = YES;
				CLANG_WARN_COMMA = YES;
				CLANG_WARN_CONSTANT_CONVERSION = YES;
				CLANG_WARN_DEPRECATED_OBJC_IMPLEMENTATIONS = YES;
				CLANG_WARN_DIRECT_OBJC_ISA_USAGE = YES_ERROR;
				CLANG_WARN_DOCUMENTATION_COMMENTS = YES;
				CLANG_WARN_EMPTY_BODY = YES;
				CLANG_WARN_ENUM_CONVERSION = YES;
				CLANG_WARN_INFINITE_RECURSION = YES;
				CLANG_WARN_INT_CONVERSION = YES;
				CLANG_WARN_NON_LITERAL_NULL_CONVERSION = YES;
				CLANG_WARN_OBJC_IMPLICIT_RETAIN_SELF = YES;
				CLANG_WARN_OBJC_LITERAL_CONVERSION = YES;
				CLANG_WARN_OBJC_ROOT_CLASS = YES_ERROR;
				CLANG_WARN_QUOTED_INCLUDE_IN_FRAMEWORK_HEADER = YES;
				CLANG_WARN_RANGE_LOOP_ANALYSIS = YES;
				CLANG_WARN_STRICT_PROTOTYPES = YES;
				CLANG_WARN_SUSPICIOUS_MOVE = YES;
				CLANG_WARN_UNGUARDED_AVAILABILITY = YES_AGGRESSIVE;
				CLANG_WARN_UNREACHABLE_CODE = YES;
				CLANG_WARN__DUPLICATE_METHOD_MATCH = YES;
				COPY_PHASE_STRIP = NO;
				DEBUG_INFORMATION_FORMAT = "dwarf-with-dsym";
				ENABLE_NS_ASSERTIONS = NO;
				ENABLE_STRICT_OBJC_MSGSEND = YES;
				GCC_C_LANGUAGE_STANDARD = gnu11;
				GCC_NO_COMMON_BLOCKS = YES;
				GCC_WARN_64_TO_32_BIT_CONVERSION = YES;
				GCC_WARN_ABOUT_RETURN_TYPE = YES_ERROR;
				GCC_WARN_UNDECLARED_SELECTOR = YES;
				GCC_WARN_UNINITIALIZED_AUTOS = YES_AGGRESSIVE;
				GCC_WARN_UNUSED_FUNCTION = YES;
				GCC_WARN_UNUSED_VARIABLE = YES;
				IPHONEOS_DEPLOYMENT_TARGET = 15.2;
				MTL_ENABLE_DEBUG_INFO = NO;
				MTL_FAST_MATH = YES;
				SDKROOT = iphoneos;
				SWIFT_COMPILATION_MODE = wholemodule;
				SWIFT_OPTIMIZATION_LEVEL = "-O";
				VALIDATE_PRODUCT = YES;
			};
			name = Release;
		};
		B434D80928A5007300218F24 /* Debug */ = {
			isa = XCBuildConfiguration;
			buildSettings = {
				ASSETCATALOG_COMPILER_APPICON_NAME = AppIcon;
				ASSETCATALOG_COMPILER_GLOBAL_ACCENT_COLOR_NAME = AccentColor;
				CODE_SIGN_STYLE = Automatic;
				CURRENT_PROJECT_VERSION = 1;
				DEVELOPMENT_ASSET_PATHS = "\"Landmarks/Preview Content\"";
				ENABLE_PREVIEWS = YES;
				GENERATE_INFOPLIST_FILE = YES;
				INFOPLIST_KEY_UIApplicationSceneManifest_Generation = YES;
				INFOPLIST_KEY_UIApplicationSupportsIndirectInputEvents = YES;
				INFOPLIST_KEY_UILaunchScreen_Generation = YES;
				INFOPLIST_KEY_UISupportedInterfaceOrientations_iPad = "UIInterfaceOrientationPortrait UIInterfaceOrientationPortraitUpsideDown UIInterfaceOrientationLandscapeLeft UIInterfaceOrientationLandscapeRight";
				INFOPLIST_KEY_UISupportedInterfaceOrientations_iPhone = "UIInterfaceOrientationPortrait UIInterfaceOrientationLandscapeLeft UIInterfaceOrientationLandscapeRight";
				LD_RUNPATH_SEARCH_PATHS = (
					"$(inherited)",
					"@executable_path/Frameworks",
				);
				MARKETING_VERSION = 1.0;
				PRODUCT_BUNDLE_IDENTIFIER = melb.Landmarks;
				PRODUCT_NAME = "$(TARGET_NAME)";
				SWIFT_EMIT_LOC_STRINGS = YES;
				SWIFT_VERSION = 5.0;
				TARGETED_DEVICE_FAMILY = "1,2";
			};
			name = Debug;
		};
		B434D80A28A5007300218F24 /* Release */ = {
			isa = XCBuildConfiguration;
			buildSettings = {
				ASSETCATALOG_COMPILER_APPICON_NAME = AppIcon;
				ASSETCATALOG_COMPILER_GLOBAL_ACCENT_COLOR_NAME = AccentColor;
				CODE_SIGN_STYLE = Automatic;
				CURRENT_PROJECT_VERSION = 1;
				DEVELOPMENT_ASSET_PATHS = "\"Landmarks/Preview Content\"";
				ENABLE_PREVIEWS = YES;
				GENERATE_INFOPLIST_FILE = YES;
				INFOPLIST_KEY_UIApplicationSceneManifest_Generation = YES;
				INFOPLIST_KEY_UIApplicationSupportsIndirectInputEvents = YES;
				INFOPLIST_KEY_UILaunchScreen_Generation = YES;
				INFOPLIST_KEY_UISupportedInterfaceOrientations_iPad = "UIInterfaceOrientationPortrait UIInterfaceOrientationPortraitUpsideDown UIInterfaceOrientationLandscapeLeft UIInterfaceOrientationLandscapeRight";
				INFOPLIST_KEY_UISupportedInterfaceOrientations_iPhone = "UIInterfaceOrientationPortrait UIInterfaceOrientationLandscapeLeft UIInterfaceOrientationLandscapeRight";
				LD_RUNPATH_SEARCH_PATHS = (
					"$(inherited)",
					"@executable_path/Frameworks",
				);
				MARKETING_VERSION = 1.0;
				PRODUCT_BUNDLE_IDENTIFIER = melb.Landmarks;
				PRODUCT_NAME = "$(TARGET_NAME)";
				SWIFT_EMIT_LOC_STRINGS = YES;
				SWIFT_VERSION = 5.0;
				TARGETED_DEVICE_FAMILY = "1,2";
			};
			name = Release;
		};
		B434D80C28A5007300218F24 /* Debug */ = {
			isa = XCBuildConfiguration;
			buildSettings = {
				ALWAYS_EMBED_SWIFT_STANDARD_LIBRARIES = YES;
				BUNDLE_LOADER = "$(TEST_HOST)";
				CODE_SIGN_STYLE = Automatic;
				CURRENT_PROJECT_VERSION = 1;
				GENERATE_INFOPLIST_FILE = YES;
				IPHONEOS_DEPLOYMENT_TARGET = 15.2;
				MARKETING_VERSION = 1.0;
				PRODUCT_BUNDLE_IDENTIFIER = melb.LandmarksTests;
				PRODUCT_NAME = "$(TARGET_NAME)";
				SWIFT_EMIT_LOC_STRINGS = NO;
				SWIFT_VERSION = 5.0;
				TARGETED_DEVICE_FAMILY = "1,2";
				TEST_HOST = "$(BUILT_PRODUCTS_DIR)/Landmarks.app/Landmarks";
			};
			name = Debug;
		};
		B434D80D28A5007300218F24 /* Release */ = {
			isa = XCBuildConfiguration;
			buildSettings = {
				ALWAYS_EMBED_SWIFT_STANDARD_LIBRARIES = YES;
				BUNDLE_LOADER = "$(TEST_HOST)";
				CODE_SIGN_STYLE = Automatic;
				CURRENT_PROJECT_VERSION = 1;
				GENERATE_INFOPLIST_FILE = YES;
				IPHONEOS_DEPLOYMENT_TARGET = 15.2;
				MARKETING_VERSION = 1.0;
				PRODUCT_BUNDLE_IDENTIFIER = melb.LandmarksTests;
				PRODUCT_NAME = "$(TARGET_NAME)";
				SWIFT_EMIT_LOC_STRINGS = NO;
				SWIFT_VERSION = 5.0;
				TARGETED_DEVICE_FAMILY = "1,2";
				TEST_HOST = "$(BUILT_PRODUCTS_DIR)/Landmarks.app/Landmarks";
			};
			name = Release;
		};
		B434D80F28A5007300218F24 /* Debug */ = {
			isa = XCBuildConfiguration;
			buildSettings = {
				ALWAYS_EMBED_SWIFT_STANDARD_LIBRARIES = YES;
				CODE_SIGN_STYLE = Automatic;
				CURRENT_PROJECT_VERSION = 1;
				GENERATE_INFOPLIST_FILE = YES;
				MARKETING_VERSION = 1.0;
				PRODUCT_BUNDLE_IDENTIFIER = melb.LandmarksUITests;
				PRODUCT_NAME = "$(TARGET_NAME)";
				SWIFT_EMIT_LOC_STRINGS = NO;
				SWIFT_VERSION = 5.0;
				TARGETED_DEVICE_FAMILY = "1,2";
				TEST_TARGET_NAME = Landmarks;
			};
			name = Debug;
		};
		B434D81028A5007300218F24 /* Release */ = {
			isa = XCBuildConfiguration;
			buildSettings = {
				ALWAYS_EMBED_SWIFT_STANDARD_LIBRARIES = YES;
				CODE_SIGN_STYLE = Automatic;
				CURRENT_PROJECT_VERSION = 1;
				GENERATE_INFOPLIST_FILE = YES;
				MARKETING_VERSION = 1.0;
				PRODUCT_BUNDLE_IDENTIFIER = melb.LandmarksUITests;
				PRODUCT_NAME = "$(TARGET_NAME)";
				SWIFT_EMIT_LOC_STRINGS = NO;
				SWIFT_VERSION = 5.0;
				TARGETED_DEVICE_FAMILY = "1,2";
				TEST_TARGET_NAME = Landmarks;
			};
			name = Release;
		};
/* End XCBuildConfiguration section */

/* Begin XCConfigurationList section */
		B434D7DF28A5006E00218F24 /* Build configuration list for PBXProject "Landmarks" */ = {
			isa = XCConfigurationList;
			buildConfigurations = (
				B434D80628A5007300218F24 /* Debug */,
				B434D80728A5007300218F24 /* Release */,
			);
			defaultConfigurationIsVisible = 0;
			defaultConfigurationName = Release;
		};
		B434D80828A5007300218F24 /* Build configuration list for PBXNativeTarget "Landmarks" */ = {
			isa = XCConfigurationList;
			buildConfigurations = (
				B434D80928A5007300218F24 /* Debug */,
				B434D80A28A5007300218F24 /* Release */,
			);
			defaultConfigurationIsVisible = 0;
			defaultConfigurationName = Release;
		};
		B434D80B28A5007300218F24 /* Build configuration list for PBXNativeTarget "LandmarksTests" */ = {
			isa = XCConfigurationList;
			buildConfigurations = (
				B434D80C28A5007300218F24 /* Debug */,
				B434D80D28A5007300218F24 /* Release */,
			);
			defaultConfigurationIsVisible = 0;
			defaultConfigurationName = Release;
		};
		B434D80E28A5007300218F24 /* Build configuration list for PBXNativeTarget "LandmarksUITests" */ = {
			isa = XCConfigurationList;
			buildConfigurations = (
				B434D80F28A5007300218F24 /* Debug */,
				B434D81028A5007300218F24 /* Release */,
			);
			defaultConfigurationIsVisible = 0;
			defaultConfigurationName = Release;
		};
/* End XCConfigurationList section */
	};
	rootObject = B434D7DC28A5006E00218F24 /* Project object */;
}
